class Game
  def initialize
    @game_over = false
  end

  def start
    puts "ゲームスタート！"
    puts "あなたは暗い森の中にいます。前方に小道があります。進みますか？ (y/n)"
    choice = gets.chomp.downcase

    if choice == 'y'
      path
    else
      puts "あなたは森の中で立ち尽くしています…"
      game_over
    end
  end

  def path
    puts "小道を進むと、巨大なドラゴンが現れました！"
    puts "戦うか、逃げるか選んでください。 (fight/run)"
    choice = gets.chomp.downcase

    if choice == 'fight'
      fight
    else
      run
    end
  end

  def fight
    puts "ドラゴンとの戦いが始まりました！"
    puts "あなたは勇敢に戦い、勝利しました！"
    game_over
  end

  def run
    puts "あなたは素早く逃げました。ドラゴンは追いかけてきます！"
    puts "再び立ち止まるか、逃げ続けるか選んでください。 (stop/run)"
    choice = gets.chomp.downcase

    if choice == 'run'
      puts "あなたは無事に森から脱出しました！"
    else
      puts "ドラゴンに捕まってしまいました…ゲームオーバーです。"
    end
    game_over
  end

  def game_over
    puts "ゲームオーバー！もう一度プレイしますか？ (y/n)"
    choice = gets.chomp.downcase
    if choice == 'y'
      start
    else
      puts "ありがとうございました！ゲームを終了します。"
      exit
    end
  end
end

# ゲームの開始
game = Game.new
game.start
